// !$*UTF8*$!
{
	archiveVersion = 1;
	classes = {
	};
	objectVersion = 51;
	objects = {

/* Begin PBXBuildFile section */
		8BD6B16BF084E88AED46B397 /* Pods_FinanceApp.framework in Frameworks */ = {isa = PBXBuildFile; fileRef = 063CAE8FFEBA3D417C0F6DF0 /* Pods_FinanceApp.framework */; };
		AD3555C12614A52A00C5BEF6 /* ActiveStockTableViewCell.swift in Sources */ = {isa = PBXBuildFile; fileRef = AD3555BF2614A52A00C5BEF6 /* ActiveStockTableViewCell.swift */; };
		AD3555C22614A52A00C5BEF6 /* ActiveStockTableViewCell.xib in Resources */ = {isa = PBXBuildFile; fileRef = AD3555C02614A52A00C5BEF6 /* ActiveStockTableViewCell.xib */; };
		AD6BE2BD261375A40063EFC5 /* ActiveStock.swift in Sources */ = {isa = PBXBuildFile; fileRef = AD6BE2BC261375A40063EFC5 /* ActiveStock.swift */; };
		AD6BE2BF261375BF0063EFC5 /* StockProfile.swift in Sources */ = {isa = PBXBuildFile; fileRef = AD6BE2BE261375BF0063EFC5 /* StockProfile.swift */; };
		AD6BE2C1261375EE0063EFC5 /* StockSearchResult.swift in Sources */ = {isa = PBXBuildFile; fileRef = AD6BE2C0261375EE0063EFC5 /* StockSearchResult.swift */; };
		AD6BE2C32613762A0063EFC5 /* StockStore.swift in Sources */ = {isa = PBXBuildFile; fileRef = AD6BE2C22613762A0063EFC5 /* StockStore.swift */; };
		AD6BE2C5261376540063EFC5 /* StockAPI.swift in Sources */ = {isa = PBXBuildFile; fileRef = AD6BE2C4261376540063EFC5 /* StockAPI.swift */; };
		AD6BE2C7261378C00063EFC5 /* SearchTickerViewController.swift in Sources */ = {isa = PBXBuildFile; fileRef = AD6BE2C6261378C00063EFC5 /* SearchTickerViewController.swift */; };
		AD6BE2C9261378D30063EFC5 /* MostActiveStockViewController.swift in Sources */ = {isa = PBXBuildFile; fileRef = AD6BE2C8261378D30063EFC5 /* MostActiveStockViewController.swift */; };
		AD6BE2CB261378FC0063EFC5 /* StockProfileViewController.swift in Sources */ = {isa = PBXBuildFile; fileRef = AD6BE2CA261378FC0063EFC5 /* StockProfileViewController.swift */; };
		AD6BE2CD26137F5D0063EFC5 /* Main.storyboard in Resources */ = {isa = PBXBuildFile; fileRef = AD6BE2CC26137F5D0063EFC5 /* Main.storyboard */; };
		AD7D94FC26068EA6002A2A72 /* AppDelegate.swift in Sources */ = {isa = PBXBuildFile; fileRef = AD7D94FB26068EA6002A2A72 /* AppDelegate.swift */; };
		AD7D94FE26068EA6002A2A72 /* SceneDelegate.swift in Sources */ = {isa = PBXBuildFile; fileRef = AD7D94FD26068EA6002A2A72 /* SceneDelegate.swift */; };
		AD7D950526068EA8002A2A72 /* Assets.xcassets in Resources */ = {isa = PBXBuildFile; fileRef = AD7D950426068EA8002A2A72 /* Assets.xcassets */; };
/* End PBXBuildFile section */

/* Begin PBXFileReference section */
		063CAE8FFEBA3D417C0F6DF0 /* Pods_FinanceApp.framework */ = {isa = PBXFileReference; explicitFileType = wrapper.framework; includeInIndex = 0; path = Pods_FinanceApp.framework; sourceTree = BUILT_PRODUCTS_DIR; };
		08ACE90CFA4443551BFD5CB6 /* Pods-FinanceApp.release.xcconfig */ = {isa = PBXFileReference; includeInIndex = 1; lastKnownFileType = text.xcconfig; name = "Pods-FinanceApp.release.xcconfig"; path = "Target Support Files/Pods-FinanceApp/Pods-FinanceApp.release.xcconfig"; sourceTree = "<group>"; };
		890A5975FF05106922066DE1 /* Pods-FinanceApp.debug.xcconfig */ = {isa = PBXFileReference; includeInIndex = 1; lastKnownFileType = text.xcconfig; name = "Pods-FinanceApp.debug.xcconfig"; path = "Target Support Files/Pods-FinanceApp/Pods-FinanceApp.debug.xcconfig"; sourceTree = "<group>"; };
		AD3555BF2614A52A00C5BEF6 /* ActiveStockTableViewCell.swift */ = {isa = PBXFileReference; lastKnownFileType = sourcecode.swift; path = ActiveStockTableViewCell.swift; sourceTree = "<group>"; };
		AD3555C02614A52A00C5BEF6 /* ActiveStockTableViewCell.xib */ = {isa = PBXFileReference; lastKnownFileType = file.xib; path = ActiveStockTableViewCell.xib; sourceTree = "<group>"; };
		AD6BE2BC261375A40063EFC5 /* ActiveStock.swift */ = {isa = PBXFileReference; lastKnownFileType = sourcecode.swift; path = ActiveStock.swift; sourceTree = "<group>"; };
		AD6BE2BE261375BF0063EFC5 /* StockProfile.swift */ = {isa = PBXFileReference; lastKnownFileType = sourcecode.swift; path = StockProfile.swift; sourceTree = "<group>"; };
		AD6BE2C0261375EE0063EFC5 /* StockSearchResult.swift */ = {isa = PBXFileReference; lastKnownFileType = sourcecode.swift; path = StockSearchResult.swift; sourceTree = "<group>"; };
		AD6BE2C22613762A0063EFC5 /* StockStore.swift */ = {isa = PBXFileReference; lastKnownFileType = sourcecode.swift; path = StockStore.swift; sourceTree = "<group>"; };
		AD6BE2C4261376540063EFC5 /* StockAPI.swift */ = {isa = PBXFileReference; lastKnownFileType = sourcecode.swift; path = StockAPI.swift; sourceTree = "<group>"; };
		AD6BE2C6261378C00063EFC5 /* SearchTickerViewController.swift */ = {isa = PBXFileReference; lastKnownFileType = sourcecode.swift; path = SearchTickerViewController.swift; sourceTree = "<group>"; };
		AD6BE2C8261378D30063EFC5 /* MostActiveStockViewController.swift */ = {isa = PBXFileReference; lastKnownFileType = sourcecode.swift; path = MostActiveStockViewController.swift; sourceTree = "<group>"; };
		AD6BE2CA261378FC0063EFC5 /* StockProfileViewController.swift */ = {isa = PBXFileReference; lastKnownFileType = sourcecode.swift; path = StockProfileViewController.swift; sourceTree = "<group>"; };
		AD6BE2CC26137F5D0063EFC5 /* Main.storyboard */ = {isa = PBXFileReference; lastKnownFileType = file.storyboard; path = Main.storyboard; sourceTree = "<group>"; };
		AD7D94F826068EA6002A2A72 /* FinanceApp.app */ = {isa = PBXFileReference; explicitFileType = wrapper.application; includeInIndex = 0; path = FinanceApp.app; sourceTree = BUILT_PRODUCTS_DIR; };
		AD7D94FB26068EA6002A2A72 /* AppDelegate.swift */ = {isa = PBXFileReference; lastKnownFileType = sourcecode.swift; path = AppDelegate.swift; sourceTree = "<group>"; };
		AD7D94FD26068EA6002A2A72 /* SceneDelegate.swift */ = {isa = PBXFileReference; lastKnownFileType = sourcecode.swift; path = SceneDelegate.swift; sourceTree = "<group>"; };
		AD7D950426068EA8002A2A72 /* Assets.xcassets */ = {isa = PBXFileReference; lastKnownFileType = folder.assetcatalog; path = Assets.xcassets; sourceTree = "<group>"; };
		AD7D950926068EA8002A2A72 /* Info.plist */ = {isa = PBXFileReference; lastKnownFileType = text.plist.xml; path = Info.plist; sourceTree = "<group>"; };
/* End PBXFileReference section */

/* Begin PBXFrameworksBuildPhase section */
		AD7D94F526068EA6002A2A72 /* Frameworks */ = {
			isa = PBXFrameworksBuildPhase;
			buildActionMask = 2147483647;
			files = (
				8BD6B16BF084E88AED46B397 /* Pods_FinanceApp.framework in Frameworks */,
			);
			runOnlyForDeploymentPostprocessing = 0;
		};
/* End PBXFrameworksBuildPhase section */

/* Begin PBXGroup section */
		0C729F28B8D908590EEB64E0 /* Pods */ = {
			isa = PBXGroup;
			children = (
				890A5975FF05106922066DE1 /* Pods-FinanceApp.debug.xcconfig */,
				08ACE90CFA4443551BFD5CB6 /* Pods-FinanceApp.release.xcconfig */,
			);
			path = Pods;
			sourceTree = "<group>";
		};
		95E5EFD1F418D71989CAC088 /* Frameworks */ = {
			isa = PBXGroup;
			children = (
				063CAE8FFEBA3D417C0F6DF0 /* Pods_FinanceApp.framework */,
			);
			name = Frameworks;
			sourceTree = "<group>";
		};
		AD3555B72613E0A700C5BEF6 /* Cells */ = {
			isa = PBXGroup;
			children = (
			);
			path = Cells;
			sourceTree = "<group>";
		};
		AD3555BE2614A50300C5BEF6 /* TableCells */ = {
			isa = PBXGroup;
			children = (
				AD3555BF2614A52A00C5BEF6 /* ActiveStockTableViewCell.swift */,
				AD3555C02614A52A00C5BEF6 /* ActiveStockTableViewCell.xib */,
			);
			path = TableCells;
			sourceTree = "<group>";
		};
		AD7D94EF26068EA5002A2A72 = {
			isa = PBXGroup;
			children = (
				AD7D94FA26068EA6002A2A72 /* FinanceApp */,
				AD7D94F926068EA6002A2A72 /* Products */,
				0C729F28B8D908590EEB64E0 /* Pods */,
				95E5EFD1F418D71989CAC088 /* Frameworks */,
			);
			sourceTree = "<group>";
		};
		AD7D94F926068EA6002A2A72 /* Products */ = {
			isa = PBXGroup;
			children = (
				AD7D94F826068EA6002A2A72 /* FinanceApp.app */,
			);
			name = Products;
			sourceTree = "<group>";
		};
		AD7D94FA26068EA6002A2A72 /* FinanceApp */ = {
			isa = PBXGroup;
			children = (
				ADFBCDC22606E219008866C1 /* Ressources */,
				ADFBCDC12606E212008866C1 /* Views */,
				ADFBCDC02606E200008866C1 /* Models */,
				ADFBCDBF2606E1E0008866C1 /* Controllers */,
				AD7D950926068EA8002A2A72 /* Info.plist */,
			);
			path = FinanceApp;
			sourceTree = "<group>";
		};
		ADFBCDBF2606E1E0008866C1 /* Controllers */ = {
			isa = PBXGroup;
			children = (
				ADFBCDC92606F1D8008866C1 /* Other */,
				ADFBCDC82606F185008866C1 /* CoreFeatures */,
			);
			path = Controllers;
			sourceTree = "<group>";
		};
		ADFBCDC02606E200008866C1 /* Models */ = {
			isa = PBXGroup;
			children = (
				AD6BE2BC261375A40063EFC5 /* ActiveStock.swift */,
				AD6BE2BE261375BF0063EFC5 /* StockProfile.swift */,
				AD6BE2C0261375EE0063EFC5 /* StockSearchResult.swift */,
			);
			path = Models;
			sourceTree = "<group>";
		};
		ADFBCDC12606E212008866C1 /* Views */ = {
			isa = PBXGroup;
			children = (
				AD3555BE2614A50300C5BEF6 /* TableCells */,
				AD3555B72613E0A700C5BEF6 /* Cells */,
				ADFBCDC32606E2EC008866C1 /* StoryBoards */,
				AD7D950426068EA8002A2A72 /* Assets.xcassets */,
			);
			path = Views;
			sourceTree = "<group>";
		};
		ADFBCDC22606E219008866C1 /* Ressources */ = {
			isa = PBXGroup;
			children = (
				AD7D94FB26068EA6002A2A72 /* AppDelegate.swift */,
				AD7D94FD26068EA6002A2A72 /* SceneDelegate.swift */,
				AD6BE2C22613762A0063EFC5 /* StockStore.swift */,
				AD6BE2C4261376540063EFC5 /* StockAPI.swift */,
			);
			path = Ressources;
			sourceTree = "<group>";
		};
		ADFBCDC32606E2EC008866C1 /* StoryBoards */ = {
			isa = PBXGroup;
			children = (
				AD6BE2CC26137F5D0063EFC5 /* Main.storyboard */,
			);
			path = StoryBoards;
			sourceTree = "<group>";
		};
		ADFBCDC82606F185008866C1 /* CoreFeatures */ = {
			isa = PBXGroup;
			children = (
				AD6BE2C6261378C00063EFC5 /* SearchTickerViewController.swift */,
				AD6BE2C8261378D30063EFC5 /* MostActiveStockViewController.swift */,
				AD6BE2CA261378FC0063EFC5 /* StockProfileViewController.swift */,
			);
			path = CoreFeatures;
			sourceTree = "<group>";
		};
		ADFBCDC92606F1D8008866C1 /* Other */ = {
			isa = PBXGroup;
			children = (
			);
			path = Other;
			sourceTree = "<group>";
		};
/* End PBXGroup section */

/* Begin PBXNativeTarget section */
		AD7D94F726068EA6002A2A72 /* FinanceApp */ = {
			isa = PBXNativeTarget;
			buildConfigurationList = AD7D950C26068EA8002A2A72 /* Build configuration list for PBXNativeTarget "FinanceApp" */;
			buildPhases = (
				3270F241CA1638F029AE844D /* [CP] Check Pods Manifest.lock */,
				AD7D94F426068EA6002A2A72 /* Sources */,
				AD7D94F526068EA6002A2A72 /* Frameworks */,
				AD7D94F626068EA6002A2A72 /* Resources */,
				68E204867F1C25E79A7759DD /* [CP] Embed Pods Frameworks */,
			);
			buildRules = (
			);
			dependencies = (
			);
			name = FinanceApp;
			productName = FinanceApp;
			productReference = AD7D94F826068EA6002A2A72 /* FinanceApp.app */;
			productType = "com.apple.product-type.application";
		};
/* End PBXNativeTarget section */

/* Begin PBXProject section */
		AD7D94F026068EA5002A2A72 /* Project object */ = {
			isa = PBXProject;
			attributes = {
				LastSwiftUpdateCheck = 1250;
				LastUpgradeCheck = 1250;
				TargetAttributes = {
					AD7D94F726068EA6002A2A72 = {
						CreatedOnToolsVersion = 12.5;
					};
				};
			};
			buildConfigurationList = AD7D94F326068EA5002A2A72 /* Build configuration list for PBXProject "FinanceApp" */;
			compatibilityVersion = "Xcode 9.3";
			developmentRegion = en;
			hasScannedForEncodings = 0;
			knownRegions = (
				en,
				Base,
			);
			mainGroup = AD7D94EF26068EA5002A2A72;
			productRefGroup = AD7D94F926068EA6002A2A72 /* Products */;
			projectDirPath = "";
			projectRoot = "";
			targets = (
				AD7D94F726068EA6002A2A72 /* FinanceApp */,
			);
		};
/* End PBXProject section */

/* Begin PBXResourcesBuildPhase section */
		AD7D94F626068EA6002A2A72 /* Resources */ = {
			isa = PBXResourcesBuildPhase;
			buildActionMask = 2147483647;
			files = (
				AD3555C22614A52A00C5BEF6 /* ActiveStockTableViewCell.xib in Resources */,
				AD6BE2CD26137F5D0063EFC5 /* Main.storyboard in Resources */,
				AD7D950526068EA8002A2A72 /* Assets.xcassets in Resources */,
			);
			runOnlyForDeploymentPostprocessing = 0;
		};
/* End PBXResourcesBuildPhase section */

/* Begin PBXShellScriptBuildPhase section */
		3270F241CA1638F029AE844D /* [CP] Check Pods Manifest.lock */ = {
			isa = PBXShellScriptBuildPhase;
			buildActionMask = 2147483647;
			files = (
			);
			inputFileListPaths = (
			);
			inputPaths = (
				"${PODS_PODFILE_DIR_PATH}/Podfile.lock",
				"${PODS_ROOT}/Manifest.lock",
			);
			name = "[CP] Check Pods Manifest.lock";
			outputFileListPaths = (
			);
			outputPaths = (
				"$(DERIVED_FILE_DIR)/Pods-FinanceApp-checkManifestLockResult.txt",
			);
			runOnlyForDeploymentPostprocessing = 0;
			shellPath = /bin/sh;
			shellScript = "diff \"${PODS_PODFILE_DIR_PATH}/Podfile.lock\" \"${PODS_ROOT}/Manifest.lock\" > /dev/null\nif [ $? != 0 ] ; then\n    # print error to STDERR\n    echo \"error: The sandbox is not in sync with the Podfile.lock. Run 'pod install' or update your CocoaPods installation.\" >&2\n    exit 1\nfi\n# This output is used by Xcode 'outputs' to avoid re-running this script phase.\necho \"SUCCESS\" > \"${SCRIPT_OUTPUT_FILE_0}\"\n";
			showEnvVarsInLog = 0;
		};
		68E204867F1C25E79A7759DD /* [CP] Embed Pods Frameworks */ = {
			isa = PBXShellScriptBuildPhase;
			buildActionMask = 2147483647;
			files = (
			);
			inputFileListPaths = (
				"${PODS_ROOT}/Target Support Files/Pods-FinanceApp/Pods-FinanceApp-frameworks-${CONFIGURATION}-input-files.xcfilelist",
			);
			name = "[CP] Embed Pods Frameworks";
			outputFileListPaths = (
				"${PODS_ROOT}/Target Support Files/Pods-FinanceApp/Pods-FinanceApp-frameworks-${CONFIGURATION}-output-files.xcfilelist",
			);
			runOnlyForDeploymentPostprocessing = 0;
			shellPath = /bin/sh;
			shellScript = "\"${PODS_ROOT}/Target Support Files/Pods-FinanceApp/Pods-FinanceApp-frameworks.sh\"\n";
			showEnvVarsInLog = 0;
		};
/* End PBXShellScriptBuildPhase section */

/* Begin PBXSourcesBuildPhase section */
		AD7D94F426068EA6002A2A72 /* Sources */ = {
			isa = PBXSourcesBuildPhase;
			buildActionMask = 2147483647;
			files = (
				AD6BE2C7261378C00063EFC5 /* SearchTickerViewController.swift in Sources */,
				AD6BE2C32613762A0063EFC5 /* StockStore.swift in Sources */,
				AD6BE2C9261378D30063EFC5 /* MostActiveStockViewController.swift in Sources */,
				AD7D94FC26068EA6002A2A72 /* AppDelegate.swift in Sources */,
				AD6BE2C5261376540063EFC5 /* StockAPI.swift in Sources */,
				AD7D94FE26068EA6002A2A72 /* SceneDelegate.swift in Sources */,
				AD3555C12614A52A00C5BEF6 /* ActiveStockTableViewCell.swift in Sources */,
				AD6BE2BD261375A40063EFC5 /* ActiveStock.swift in Sources */,
				AD6BE2CB261378FC0063EFC5 /* StockProfileViewController.swift in Sources */,
				AD6BE2BF261375BF0063EFC5 /* StockProfile.swift in Sources */,
				AD6BE2C1261375EE0063EFC5 /* StockSearchResult.swift in Sources */,
			);
			runOnlyForDeploymentPostprocessing = 0;
		};
/* End PBXSourcesBuildPhase section */

/* Begin XCBuildConfiguration section */
		AD7D950A26068EA8002A2A72 /* Debug */ = {
			isa = XCBuildConfiguration;
			buildSettings = {
				ALWAYS_SEARCH_USER_PATHS = NO;
				CLANG_ANALYZER_NONNULL = YES;
				CLANG_ANALYZER_NUMBER_OBJECT_CONVERSION = YES_AGGRESSIVE;
				CLANG_CXX_LANGUAGE_STANDARD = "gnu++14";
				CLANG_CXX_LIBRARY = "libc++";
				CLANG_ENABLE_MODULES = YES;
				CLANG_ENABLE_OBJC_ARC = YES;
				CLANG_ENABLE_OBJC_WEAK = YES;
				CLANG_WARN_BLOCK_CAPTURE_AUTORELEASING = YES;
				CLANG_WARN_BOOL_CONVERSION = YES;
				CLANG_WARN_COMMA = YES;
				CLANG_WARN_CONSTANT_CONVERSION = YES;
				CLANG_WARN_DEPRECATED_OBJC_IMPLEMENTATIONS = YES;
				CLANG_WARN_DIRECT_OBJC_ISA_USAGE = YES_ERROR;
				CLANG_WARN_DOCUMENTATION_COMMENTS = YES;
				CLANG_WARN_EMPTY_BODY = YES;
				CLANG_WARN_ENUM_CONVERSION = YES;
				CLANG_WARN_INFINITE_RECURSION = YES;
				CLANG_WARN_INT_CONVERSION = YES;
				CLANG_WARN_NON_LITERAL_NULL_CONVERSION = YES;
				CLANG_WARN_OBJC_IMPLICIT_RETAIN_SELF = YES;
				CLANG_WARN_OBJC_LITERAL_CONVERSION = YES;
				CLANG_WARN_OBJC_ROOT_CLASS = YES_ERROR;
				CLANG_WARN_QUOTED_INCLUDE_IN_FRAMEWORK_HEADER = YES;
				CLANG_WARN_RANGE_LOOP_ANALYSIS = YES;
				CLANG_WARN_STRICT_PROTOTYPES = YES;
				CLANG_WARN_SUSPICIOUS_MOVE = YES;
				CLANG_WARN_UNGUARDED_AVAILABILITY = YES_AGGRESSIVE;
				CLANG_WARN_UNREACHABLE_CODE = YES;
				CLANG_WARN__DUPLICATE_METHOD_MATCH = YES;
				COPY_PHASE_STRIP = NO;
				DEBUG_INFORMATION_FORMAT = dwarf;
				ENABLE_STRICT_OBJC_MSGSEND = YES;
				ENABLE_TESTABILITY = YES;
				GCC_C_LANGUAGE_STANDARD = gnu11;
				GCC_DYNAMIC_NO_PIC = NO;
				GCC_NO_COMMON_BLOCKS = YES;
				GCC_OPTIMIZATION_LEVEL = 0;
				GCC_PREPROCESSOR_DEFINITIONS = (
					"DEBUG=1",
					"$(inherited)",
				);
				GCC_WARN_64_TO_32_BIT_CONVERSION = YES;
				GCC_WARN_ABOUT_RETURN_TYPE = YES_ERROR;
				GCC_WARN_UNDECLARED_SELECTOR = YES;
				GCC_WARN_UNINITIALIZED_AUTOS = YES_AGGRESSIVE;
				GCC_WARN_UNUSED_FUNCTION = YES;
				GCC_WARN_UNUSED_VARIABLE = YES;
				IPHONEOS_DEPLOYMENT_TARGET = 14.5;
				MTL_ENABLE_DEBUG_INFO = INCLUDE_SOURCE;
				MTL_FAST_MATH = YES;
				ONLY_ACTIVE_ARCH = YES;
				SDKROOT = iphoneos;
				SWIFT_ACTIVE_COMPILATION_CONDITIONS = DEBUG;
				SWIFT_OPTIMIZATION_LEVEL = "-Onone";
			};
			name = Debug;
		};
		AD7D950B26068EA8002A2A72 /* Release */ = {
			isa = XCBuildConfiguration;
			buildSettings = {
				ALWAYS_SEARCH_USER_PATHS = NO;
				CLANG_ANALYZER_NONNULL = YES;
				CLANG_ANALYZER_NUMBER_OBJECT_CONVERSION = YES_AGGRESSIVE;
				CLANG_CXX_LANGUAGE_STANDARD = "gnu++14";
				CLANG_CXX_LIBRARY = "libc++";
				CLANG_ENABLE_MODULES = YES;
				CLANG_ENABLE_OBJC_ARC = YES;
				CLANG_ENABLE_OBJC_WEAK = YES;
				CLANG_WARN_BLOCK_CAPTURE_AUTORELEASING = YES;
				CLANG_WARN_BOOL_CONVERSION = YES;
				CLANG_WARN_COMMA = YES;
				CLANG_WARN_CONSTANT_CONVERSION = YES;
				CLANG_WARN_DEPRECATED_OBJC_IMPLEMENTATIONS = YES;
				CLANG_WARN_DIRECT_OBJC_ISA_USAGE = YES_ERROR;
				CLANG_WARN_DOCUMENTATION_COMMENTS = YES;
				CLANG_WARN_EMPTY_BODY = YES;
				CLANG_WARN_ENUM_CONVERSION = YES;
				CLANG_WARN_INFINITE_RECURSION = YES;
				CLANG_WARN_INT_CONVERSION = YES;
				CLANG_WARN_NON_LITERAL_NULL_CONVERSION = YES;
				CLANG_WARN_OBJC_IMPLICIT_RETAIN_SELF = YES;
				CLANG_WARN_OBJC_LITERAL_CONVERSION = YES;
				CLANG_WARN_OBJC_ROOT_CLASS = YES_ERROR;
				CLANG_WARN_QUOTED_INCLUDE_IN_FRAMEWORK_HEADER = YES;
				CLANG_WARN_RANGE_LOOP_ANALYSIS = YES;
				CLANG_WARN_STRICT_PROTOTYPES = YES;
				CLANG_WARN_SUSPICIOUS_MOVE = YES;
				CLANG_WARN_UNGUARDED_AVAILABILITY = YES_AGGRESSIVE;
				CLANG_WARN_UNREACHABLE_CODE = YES;
				CLANG_WARN__DUPLICATE_METHOD_MATCH = YES;
				COPY_PHASE_STRIP = NO;
				DEBUG_INFORMATION_FORMAT = "dwarf-with-dsym";
				ENABLE_NS_ASSERTIONS = NO;
				ENABLE_STRICT_OBJC_MSGSEND = YES;
				GCC_C_LANGUAGE_STANDARD = gnu11;
				GCC_NO_COMMON_BLOCKS = YES;
				GCC_WARN_64_TO_32_BIT_CONVERSION = YES;
				GCC_WARN_ABOUT_RETURN_TYPE = YES_ERROR;
				GCC_WARN_UNDECLARED_SELECTOR = YES;
				GCC_WARN_UNINITIALIZED_AUTOS = YES_AGGRESSIVE;
				GCC_WARN_UNUSED_FUNCTION = YES;
				GCC_WARN_UNUSED_VARIABLE = YES;
				IPHONEOS_DEPLOYMENT_TARGET = 14.5;
				MTL_ENABLE_DEBUG_INFO = NO;
				MTL_FAST_MATH = YES;
				SDKROOT = iphoneos;
				SWIFT_COMPILATION_MODE = wholemodule;
				SWIFT_OPTIMIZATION_LEVEL = "-O";
				VALIDATE_PRODUCT = YES;
			};
			name = Release;
		};
		AD7D950D26068EA8002A2A72 /* Debug */ = {
			isa = XCBuildConfiguration;
			baseConfigurationReference = 890A5975FF05106922066DE1 /* Pods-FinanceApp.debug.xcconfig */;
			buildSettings = {
				ASSETCATALOG_COMPILER_APPICON_NAME = AppIcon;
				ASSETCATALOG_COMPILER_GLOBAL_ACCENT_COLOR_NAME = AccentColor;
				CODE_SIGN_STYLE = Automatic;
				DEVELOPMENT_TEAM = SPSP3R3DPU;
				INFOPLIST_FILE = FinanceApp/Info.plist;
				LD_RUNPATH_SEARCH_PATHS = (
					"$(inherited)",
					"@executable_path/Frameworks",
				);
				PRODUCT_BUNDLE_IDENTIFIER = com.carleton.2601.FinanceApp;
				PRODUCT_NAME = "$(TARGET_NAME)";
				SWIFT_VERSION = 5.0;
				TARGETED_DEVICE_FAMILY = "1,2";
			};
			name = Debug;
		};
		AD7D950E26068EA8002A2A72 /* Release */ = {
			isa = XCBuildConfiguration;
			baseConfigurationReference = 08ACE90CFA4443551BFD5CB6 /* Pods-FinanceApp.release.xcconfig */;
			buildSettings = {
				ASSETCATALOG_COMPILER_APPICON_NAME = AppIcon;
				ASSETCATALOG_COMPILER_GLOBAL_ACCENT_COLOR_NAME = AccentColor;
				CODE_SIGN_STYLE = Automatic;
				DEVELOPMENT_TEAM = SPSP3R3DPU;
				INFOPLIST_FILE = FinanceApp/Info.plist;
				LD_RUNPATH_SEARCH_PATHS = (
					"$(inherited)",
					"@executable_path/Frameworks",
				);
				PRODUCT_BUNDLE_IDENTIFIER = com.carleton.2601.FinanceApp;
				PRODUCT_NAME = "$(TARGET_NAME)";
				SWIFT_VERSION = 5.0;
				TARGETED_DEVICE_FAMILY = "1,2";
			};
			name = Release;
		};
/* End XCBuildConfiguration section */

/* Begin XCConfigurationList section */
		AD7D94F326068EA5002A2A72 /* Build configuration list for PBXProject "FinanceApp" */ = {
			isa = XCConfigurationList;
			buildConfigurations = (
				AD7D950A26068EA8002A2A72 /* Debug */,
				AD7D950B26068EA8002A2A72 /* Release */,
			);
			defaultConfigurationIsVisible = 0;
			defaultConfigurationName = Release;
		};
		AD7D950C26068EA8002A2A72 /* Build configuration list for PBXNativeTarget "FinanceApp" */ = {
			isa = XCConfigurationList;
			buildConfigurations = (
				AD7D950D26068EA8002A2A72 /* Debug */,
				AD7D950E26068EA8002A2A72 /* Release */,
			);
			defaultConfigurationIsVisible = 0;
			defaultConfigurationName = Release;
		};
/* End XCConfigurationList section */
	};
	rootObject = AD7D94F026068EA5002A2A72 /* Project object */;
}
