// !$*UTF8*$!
{
	archiveVersion = 1;
	classes = {
	};
	objectVersion = 50;
	objects = {

/* Begin PBXBuildFile section */
		4DD8D4E9BDDE11F6C7D9D836 /* Pods_FinancePlannerApp.framework in Frameworks */ = {isa = PBXBuildFile; fileRef = 509D605ED91C6A96132315CF /* Pods_FinancePlannerApp.framework */; };
		AD8C90D62606A79400EE3346 /* AppDelegate.swift in Sources */ = {isa = PBXBuildFile; fileRef = AD8C90D52606A79400EE3346 /* AppDelegate.swift */; };
		AD8C90D82606A79400EE3346 /* SceneDelegate.swift in Sources */ = {isa = PBXBuildFile; fileRef = AD8C90D72606A79400EE3346 /* SceneDelegate.swift */; };
		AD8C90DA2606A79400EE3346 /* ViewController.swift in Sources */ = {isa = PBXBuildFile; fileRef = AD8C90D92606A79400EE3346 /* ViewController.swift */; };
		AD8C90DD2606A79400EE3346 /* Main.storyboard in Resources */ = {isa = PBXBuildFile; fileRef = AD8C90DB2606A79400EE3346 /* Main.storyboard */; };
		AD8C90DF2606A79D00EE3346 /* Assets.xcassets in Resources */ = {isa = PBXBuildFile; fileRef = AD8C90DE2606A79D00EE3346 /* Assets.xcassets */; };
		AD8C90E22606A79D00EE3346 /* LaunchScreen.storyboard in Resources */ = {isa = PBXBuildFile; fileRef = AD8C90E02606A79D00EE3346 /* LaunchScreen.storyboard */; };
/* End PBXBuildFile section */

/* Begin PBXFileReference section */
		1E0E729C42293EC14A48D53C /* Pods-FinancePlannerApp.release.xcconfig */ = {isa = PBXFileReference; includeInIndex = 1; lastKnownFileType = text.xcconfig; name = "Pods-FinancePlannerApp.release.xcconfig"; path = "Target Support Files/Pods-FinancePlannerApp/Pods-FinancePlannerApp.release.xcconfig"; sourceTree = "<group>"; };
		509D605ED91C6A96132315CF /* Pods_FinancePlannerApp.framework */ = {isa = PBXFileReference; explicitFileType = wrapper.framework; includeInIndex = 0; path = Pods_FinancePlannerApp.framework; sourceTree = BUILT_PRODUCTS_DIR; };
		AD8C90D22606A79400EE3346 /* FinancePlannerApp.app */ = {isa = PBXFileReference; explicitFileType = wrapper.application; includeInIndex = 0; path = FinancePlannerApp.app; sourceTree = BUILT_PRODUCTS_DIR; };
		AD8C90D52606A79400EE3346 /* AppDelegate.swift */ = {isa = PBXFileReference; lastKnownFileType = sourcecode.swift; path = AppDelegate.swift; sourceTree = "<group>"; };
		AD8C90D72606A79400EE3346 /* SceneDelegate.swift */ = {isa = PBXFileReference; lastKnownFileType = sourcecode.swift; path = SceneDelegate.swift; sourceTree = "<group>"; };
		AD8C90D92606A79400EE3346 /* ViewController.swift */ = {isa = PBXFileReference; lastKnownFileType = sourcecode.swift; path = ViewController.swift; sourceTree = "<group>"; };
		AD8C90DC2606A79400EE3346 /* Base */ = {isa = PBXFileReference; lastKnownFileType = file.storyboard; name = Base; path = Base.lproj/Main.storyboard; sourceTree = "<group>"; };
		AD8C90DE2606A79D00EE3346 /* Assets.xcassets */ = {isa = PBXFileReference; lastKnownFileType = folder.assetcatalog; path = Assets.xcassets; sourceTree = "<group>"; };
		AD8C90E12606A79D00EE3346 /* Base */ = {isa = PBXFileReference; lastKnownFileType = file.storyboard; name = Base; path = Base.lproj/LaunchScreen.storyboard; sourceTree = "<group>"; };
		AD8C90E32606A79D00EE3346 /* Info.plist */ = {isa = PBXFileReference; lastKnownFileType = text.plist.xml; path = Info.plist; sourceTree = "<group>"; };
		CE00361F86757114C2E1A2A6 /* Pods-FinancePlannerApp.debug.xcconfig */ = {isa = PBXFileReference; includeInIndex = 1; lastKnownFileType = text.xcconfig; name = "Pods-FinancePlannerApp.debug.xcconfig"; path = "Target Support Files/Pods-FinancePlannerApp/Pods-FinancePlannerApp.debug.xcconfig"; sourceTree = "<group>"; };
/* End PBXFileReference section */

/* Begin PBXFrameworksBuildPhase section */
		AD8C90CF2606A79400EE3346 /* Frameworks */ = {
			isa = PBXFrameworksBuildPhase;
			buildActionMask = 2147483647;
			files = (
				4DD8D4E9BDDE11F6C7D9D836 /* Pods_FinancePlannerApp.framework in Frameworks */,
			);
			runOnlyForDeploymentPostprocessing = 0;
		};
/* End PBXFrameworksBuildPhase section */

/* Begin PBXGroup section */
		35851C2F33A57E9678677C24 /* Pods */ = {
			isa = PBXGroup;
			children = (
				CE00361F86757114C2E1A2A6 /* Pods-FinancePlannerApp.debug.xcconfig */,
				1E0E729C42293EC14A48D53C /* Pods-FinancePlannerApp.release.xcconfig */,
			);
			name = Pods;
			path = Pods;
			sourceTree = "<group>";
		};
		8CC57AF1C048AF6AF5218537 /* Frameworks */ = {
			isa = PBXGroup;
			children = (
				509D605ED91C6A96132315CF /* Pods_FinancePlannerApp.framework */,
			);
			name = Frameworks;
			sourceTree = "<group>";
		};
		AD8C90C92606A79300EE3346 = {
			isa = PBXGroup;
			children = (
				AD8C90D42606A79400EE3346 /* FinancePlannerApp */,
				AD8C90D32606A79400EE3346 /* Products */,
				35851C2F33A57E9678677C24 /* Pods */,
				8CC57AF1C048AF6AF5218537 /* Frameworks */,
			);
			sourceTree = "<group>";
		};
		AD8C90D32606A79400EE3346 /* Products */ = {
			isa = PBXGroup;
			children = (
				AD8C90D22606A79400EE3346 /* FinancePlannerApp.app */,
			);
			name = Products;
			sourceTree = "<group>";
		};
		AD8C90D42606A79400EE3346 /* FinancePlannerApp */ = {
			isa = PBXGroup;
			children = (
				AD8C90D52606A79400EE3346 /* AppDelegate.swift */,
				AD8C90D72606A79400EE3346 /* SceneDelegate.swift */,
				AD8C90D92606A79400EE3346 /* ViewController.swift */,
				AD8C90DB2606A79400EE3346 /* Main.storyboard */,
				AD8C90DE2606A79D00EE3346 /* Assets.xcassets */,
				AD8C90E02606A79D00EE3346 /* LaunchScreen.storyboard */,
				AD8C90E32606A79D00EE3346 /* Info.plist */,
			);
			path = FinancePlannerApp;
			sourceTree = "<group>";
		};
/* End PBXGroup section */

/* Begin PBXNativeTarget section */
		AD8C90D12606A79400EE3346 /* FinancePlannerApp */ = {
			isa = PBXNativeTarget;
			buildConfigurationList = AD8C90E62606A79D00EE3346 /* Build configuration list for PBXNativeTarget "FinancePlannerApp" */;
			buildPhases = (
				1C698A84AF163CC0402597D5 /* [CP] Check Pods Manifest.lock */,
				AD8C90CE2606A79400EE3346 /* Sources */,
				AD8C90CF2606A79400EE3346 /* Frameworks */,
				AD8C90D02606A79400EE3346 /* Resources */,
				379EAFABB1B389C076D49F0D /* [CP] Embed Pods Frameworks */,
			);
			buildRules = (
			);
			dependencies = (
			);
			name = FinancePlannerApp;
			productName = FinancePlannerApp;
			productReference = AD8C90D22606A79400EE3346 /* FinancePlannerApp.app */;
			productType = "com.apple.product-type.application";
		};
/* End PBXNativeTarget section */

/* Begin PBXProject section */
		AD8C90CA2606A79400EE3346 /* Project object */ = {
			isa = PBXProject;
			attributes = {
				LastSwiftUpdateCheck = 1250;
				LastUpgradeCheck = 1250;
				TargetAttributes = {
					AD8C90D12606A79400EE3346 = {
						CreatedOnToolsVersion = 12.5;
					};
				};
			};
			buildConfigurationList = AD8C90CD2606A79400EE3346 /* Build configuration list for PBXProject "FinancePlannerApp" */;
			compatibilityVersion = "Xcode 9.3";
			developmentRegion = en;
			hasScannedForEncodings = 0;
			knownRegions = (
				en,
				Base,
			);
			mainGroup = AD8C90C92606A79300EE3346;
			productRefGroup = AD8C90D32606A79400EE3346 /* Products */;
			projectDirPath = "";
			projectRoot = "";
			targets = (
				AD8C90D12606A79400EE3346 /* FinancePlannerApp */,
			);
		};
/* End PBXProject section */

/* Begin PBXResourcesBuildPhase section */
		AD8C90D02606A79400EE3346 /* Resources */ = {
			isa = PBXResourcesBuildPhase;
			buildActionMask = 2147483647;
			files = (
				AD8C90E22606A79D00EE3346 /* LaunchScreen.storyboard in Resources */,
				AD8C90DF2606A79D00EE3346 /* Assets.xcassets in Resources */,
				AD8C90DD2606A79400EE3346 /* Main.storyboard in Resources */,
			);
			runOnlyForDeploymentPostprocessing = 0;
		};
/* End PBXResourcesBuildPhase section */

/* Begin PBXShellScriptBuildPhase section */
		1C698A84AF163CC0402597D5 /* [CP] Check Pods Manifest.lock */ = {
			isa = PBXShellScriptBuildPhase;
			buildActionMask = 2147483647;
			files = (
			);
			inputFileListPaths = (
			);
			inputPaths = (
				"${PODS_PODFILE_DIR_PATH}/Podfile.lock",
				"${PODS_ROOT}/Manifest.lock",
			);
			name = "[CP] Check Pods Manifest.lock";
			outputFileListPaths = (
			);
			outputPaths = (
				"$(DERIVED_FILE_DIR)/Pods-FinancePlannerApp-checkManifestLockResult.txt",
			);
			runOnlyForDeploymentPostprocessing = 0;
			shellPath = /bin/sh;
			shellScript = "diff \"${PODS_PODFILE_DIR_PATH}/Podfile.lock\" \"${PODS_ROOT}/Manifest.lock\" > /dev/null\nif [ $? != 0 ] ; then\n    # print error to STDERR\n    echo \"error: The sandbox is not in sync with the Podfile.lock. Run 'pod install' or update your CocoaPods installation.\" >&2\n    exit 1\nfi\n# This output is used by Xcode 'outputs' to avoid re-running this script phase.\necho \"SUCCESS\" > \"${SCRIPT_OUTPUT_FILE_0}\"\n";
			showEnvVarsInLog = 0;
		};
		379EAFABB1B389C076D49F0D /* [CP] Embed Pods Frameworks */ = {
			isa = PBXShellScriptBuildPhase;
			buildActionMask = 2147483647;
			files = (
			);
			inputFileListPaths = (
				"${PODS_ROOT}/Target Support Files/Pods-FinancePlannerApp/Pods-FinancePlannerApp-frameworks-${CONFIGURATION}-input-files.xcfilelist",
			);
			name = "[CP] Embed Pods Frameworks";
			outputFileListPaths = (
				"${PODS_ROOT}/Target Support Files/Pods-FinancePlannerApp/Pods-FinancePlannerApp-frameworks-${CONFIGURATION}-output-files.xcfilelist",
			);
			runOnlyForDeploymentPostprocessing = 0;
			shellPath = /bin/sh;
			shellScript = "\"${PODS_ROOT}/Target Support Files/Pods-FinancePlannerApp/Pods-FinancePlannerApp-frameworks.sh\"\n";
			showEnvVarsInLog = 0;
		};
/* End PBXShellScriptBuildPhase section */

/* Begin PBXSourcesBuildPhase section */
		AD8C90CE2606A79400EE3346 /* Sources */ = {
			isa = PBXSourcesBuildPhase;
			buildActionMask = 2147483647;
			files = (
				AD8C90DA2606A79400EE3346 /* ViewController.swift in Sources */,
				AD8C90D62606A79400EE3346 /* AppDelegate.swift in Sources */,
				AD8C90D82606A79400EE3346 /* SceneDelegate.swift in Sources */,
			);
			runOnlyForDeploymentPostprocessing = 0;
		};
/* End PBXSourcesBuildPhase section */

/* Begin PBXVariantGroup section */
		AD8C90DB2606A79400EE3346 /* Main.storyboard */ = {
			isa = PBXVariantGroup;
			children = (
				AD8C90DC2606A79400EE3346 /* Base */,
			);
			name = Main.storyboard;
			sourceTree = "<group>";
		};
		AD8C90E02606A79D00EE3346 /* LaunchScreen.storyboard */ = {
			isa = PBXVariantGroup;
			children = (
				AD8C90E12606A79D00EE3346 /* Base */,
			);
			name = LaunchScreen.storyboard;
			sourceTree = "<group>";
		};
/* End PBXVariantGroup section */

/* Begin XCBuildConfiguration section */
		AD8C90E42606A79D00EE3346 /* Debug */ = {
			isa = XCBuildConfiguration;
			buildSettings = {
				ALWAYS_SEARCH_USER_PATHS = NO;
				CLANG_ANALYZER_NONNULL = YES;
				CLANG_ANALYZER_NUMBER_OBJECT_CONVERSION = YES_AGGRESSIVE;
				CLANG_CXX_LANGUAGE_STANDARD = "gnu++14";
				CLANG_CXX_LIBRARY = "libc++";
				CLANG_ENABLE_MODULES = YES;
				CLANG_ENABLE_OBJC_ARC = YES;
				CLANG_ENABLE_OBJC_WEAK = YES;
				CLANG_WARN_BLOCK_CAPTURE_AUTORELEASING = YES;
				CLANG_WARN_BOOL_CONVERSION = YES;
				CLANG_WARN_COMMA = YES;
				CLANG_WARN_CONSTANT_CONVERSION = YES;
				CLANG_WARN_DEPRECATED_OBJC_IMPLEMENTATIONS = YES;
				CLANG_WARN_DIRECT_OBJC_ISA_USAGE = YES_ERROR;
				CLANG_WARN_DOCUMENTATION_COMMENTS = YES;
				CLANG_WARN_EMPTY_BODY = YES;
				CLANG_WARN_ENUM_CONVERSION = YES;
				CLANG_WARN_INFINITE_RECURSION = YES;
				CLANG_WARN_INT_CONVERSION = YES;
				CLANG_WARN_NON_LITERAL_NULL_CONVERSION = YES;
				CLANG_WARN_OBJC_IMPLICIT_RETAIN_SELF = YES;
				CLANG_WARN_OBJC_LITERAL_CONVERSION = YES;
				CLANG_WARN_OBJC_ROOT_CLASS = YES_ERROR;
				CLANG_WARN_QUOTED_INCLUDE_IN_FRAMEWORK_HEADER = YES;
				CLANG_WARN_RANGE_LOOP_ANALYSIS = YES;
				CLANG_WARN_STRICT_PROTOTYPES = YES;
				CLANG_WARN_SUSPICIOUS_MOVE = YES;
				CLANG_WARN_UNGUARDED_AVAILABILITY = YES_AGGRESSIVE;
				CLANG_WARN_UNREACHABLE_CODE = YES;
				CLANG_WARN__DUPLICATE_METHOD_MATCH = YES;
				COPY_PHASE_STRIP = NO;
				DEBUG_INFORMATION_FORMAT = dwarf;
				ENABLE_STRICT_OBJC_MSGSEND = YES;
				ENABLE_TESTABILITY = YES;
				GCC_C_LANGUAGE_STANDARD = gnu11;
				GCC_DYNAMIC_NO_PIC = NO;
				GCC_NO_COMMON_BLOCKS = YES;
				GCC_OPTIMIZATION_LEVEL = 0;
				GCC_PREPROCESSOR_DEFINITIONS = (
					"DEBUG=1",
					"$(inherited)",
				);
				GCC_WARN_64_TO_32_BIT_CONVERSION = YES;
				GCC_WARN_ABOUT_RETURN_TYPE = YES_ERROR;
				GCC_WARN_UNDECLARED_SELECTOR = YES;
				GCC_WARN_UNINITIALIZED_AUTOS = YES_AGGRESSIVE;
				GCC_WARN_UNUSED_FUNCTION = YES;
				GCC_WARN_UNUSED_VARIABLE = YES;
				IPHONEOS_DEPLOYMENT_TARGET = 14.5;
				MTL_ENABLE_DEBUG_INFO = INCLUDE_SOURCE;
				MTL_FAST_MATH = YES;
				ONLY_ACTIVE_ARCH = YES;
				SDKROOT = iphoneos;
				SWIFT_ACTIVE_COMPILATION_CONDITIONS = DEBUG;
				SWIFT_OPTIMIZATION_LEVEL = "-Onone";
			};
			name = Debug;
		};
		AD8C90E52606A79D00EE3346 /* Release */ = {
			isa = XCBuildConfiguration;
			buildSettings = {
				ALWAYS_SEARCH_USER_PATHS = NO;
				CLANG_ANALYZER_NONNULL = YES;
				CLANG_ANALYZER_NUMBER_OBJECT_CONVERSION = YES_AGGRESSIVE;
				CLANG_CXX_LANGUAGE_STANDARD = "gnu++14";
				CLANG_CXX_LIBRARY = "libc++";
				CLANG_ENABLE_MODULES = YES;
				CLANG_ENABLE_OBJC_ARC = YES;
				CLANG_ENABLE_OBJC_WEAK = YES;
				CLANG_WARN_BLOCK_CAPTURE_AUTORELEASING = YES;
				CLANG_WARN_BOOL_CONVERSION = YES;
				CLANG_WARN_COMMA = YES;
				CLANG_WARN_CONSTANT_CONVERSION = YES;
				CLANG_WARN_DEPRECATED_OBJC_IMPLEMENTATIONS = YES;
				CLANG_WARN_DIRECT_OBJC_ISA_USAGE = YES_ERROR;
				CLANG_WARN_DOCUMENTATION_COMMENTS = YES;
				CLANG_WARN_EMPTY_BODY = YES;
				CLANG_WARN_ENUM_CONVERSION = YES;
				CLANG_WARN_INFINITE_RECURSION = YES;
				CLANG_WARN_INT_CONVERSION = YES;
				CLANG_WARN_NON_LITERAL_NULL_CONVERSION = YES;
				CLANG_WARN_OBJC_IMPLICIT_RETAIN_SELF = YES;
				CLANG_WARN_OBJC_LITERAL_CONVERSION = YES;
				CLANG_WARN_OBJC_ROOT_CLASS = YES_ERROR;
				CLANG_WARN_QUOTED_INCLUDE_IN_FRAMEWORK_HEADER = YES;
				CLANG_WARN_RANGE_LOOP_ANALYSIS = YES;
				CLANG_WARN_STRICT_PROTOTYPES = YES;
				CLANG_WARN_SUSPICIOUS_MOVE = YES;
				CLANG_WARN_UNGUARDED_AVAILABILITY = YES_AGGRESSIVE;
				CLANG_WARN_UNREACHABLE_CODE = YES;
				CLANG_WARN__DUPLICATE_METHOD_MATCH = YES;
				COPY_PHASE_STRIP = NO;
				DEBUG_INFORMATION_FORMAT = "dwarf-with-dsym";
				ENABLE_NS_ASSERTIONS = NO;
				ENABLE_STRICT_OBJC_MSGSEND = YES;
				GCC_C_LANGUAGE_STANDARD = gnu11;
				GCC_NO_COMMON_BLOCKS = YES;
				GCC_WARN_64_TO_32_BIT_CONVERSION = YES;
				GCC_WARN_ABOUT_RETURN_TYPE = YES_ERROR;
				GCC_WARN_UNDECLARED_SELECTOR = YES;
				GCC_WARN_UNINITIALIZED_AUTOS = YES_AGGRESSIVE;
				GCC_WARN_UNUSED_FUNCTION = YES;
				GCC_WARN_UNUSED_VARIABLE = YES;
				IPHONEOS_DEPLOYMENT_TARGET = 14.5;
				MTL_ENABLE_DEBUG_INFO = NO;
				MTL_FAST_MATH = YES;
				SDKROOT = iphoneos;
				SWIFT_COMPILATION_MODE = wholemodule;
				SWIFT_OPTIMIZATION_LEVEL = "-O";
				VALIDATE_PRODUCT = YES;
			};
			name = Release;
		};
		AD8C90E72606A79D00EE3346 /* Debug */ = {
			isa = XCBuildConfiguration;
			baseConfigurationReference = CE00361F86757114C2E1A2A6 /* Pods-FinancePlannerApp.debug.xcconfig */;
			buildSettings = {
				ASSETCATALOG_COMPILER_APPICON_NAME = AppIcon;
				ASSETCATALOG_COMPILER_GLOBAL_ACCENT_COLOR_NAME = AccentColor;
				CODE_SIGN_STYLE = Automatic;
				DEVELOPMENT_TEAM = SPSP3R3DPU;
				INFOPLIST_FILE = FinancePlannerApp/Info.plist;
				LD_RUNPATH_SEARCH_PATHS = (
					"$(inherited)",
					"@executable_path/Frameworks",
				);
				PRODUCT_BUNDLE_IDENTIFIER = com.carleton.2601.FinancePlannerApp;
				PRODUCT_NAME = "$(TARGET_NAME)";
				SWIFT_VERSION = 5.0;
				TARGETED_DEVICE_FAMILY = "1,2";
			};
			name = Debug;
		};
		AD8C90E82606A79D00EE3346 /* Release */ = {
			isa = XCBuildConfiguration;
			baseConfigurationReference = 1E0E729C42293EC14A48D53C /* Pods-FinancePlannerApp.release.xcconfig */;
			buildSettings = {
				ASSETCATALOG_COMPILER_APPICON_NAME = AppIcon;
				ASSETCATALOG_COMPILER_GLOBAL_ACCENT_COLOR_NAME = AccentColor;
				CODE_SIGN_STYLE = Automatic;
				DEVELOPMENT_TEAM = SPSP3R3DPU;
				INFOPLIST_FILE = FinancePlannerApp/Info.plist;
				LD_RUNPATH_SEARCH_PATHS = (
					"$(inherited)",
					"@executable_path/Frameworks",
				);
				PRODUCT_BUNDLE_IDENTIFIER = com.carleton.2601.FinancePlannerApp;
				PRODUCT_NAME = "$(TARGET_NAME)";
				SWIFT_VERSION = 5.0;
				TARGETED_DEVICE_FAMILY = "1,2";
			};
			name = Release;
		};
/* End XCBuildConfiguration section */

/* Begin XCConfigurationList section */
		AD8C90CD2606A79400EE3346 /* Build configuration list for PBXProject "FinancePlannerApp" */ = {
			isa = XCConfigurationList;
			buildConfigurations = (
				AD8C90E42606A79D00EE3346 /* Debug */,
				AD8C90E52606A79D00EE3346 /* Release */,
			);
			defaultConfigurationIsVisible = 0;
			defaultConfigurationName = Release;
		};
		AD8C90E62606A79D00EE3346 /* Build configuration list for PBXNativeTarget "FinancePlannerApp" */ = {
			isa = XCConfigurationList;
			buildConfigurations = (
				AD8C90E72606A79D00EE3346 /* Debug */,
				AD8C90E82606A79D00EE3346 /* Release */,
			);
			defaultConfigurationIsVisible = 0;
			defaultConfigurationName = Release;
		};
/* End XCConfigurationList section */
	};
	rootObject = AD8C90CA2606A79400EE3346 /* Project object */;
}
